
Microsoft Visual Studio Solution File, Format Version 12.00
# Visual Studio 15
VisualStudioVersion = 15.0.28010.0
MinimumVisualStudioVersion = 10.0.40219.1
Project("{8BC9CEB8-8B4A-11D0-8D11-00A0C91BC942}") = "igKernel", "IGUH\IGUH.vcxproj", "{917B509C-68F7-446D-8DEC-DBF292F2E6B6}"
EndProject
Project("{8BC9CEB8-8B4A-11D0-8D11-00A0C91BC942}") = "igEntry", "igEntry\igEntry.vcxproj", "{42FF519F-B26E-47FA-AB6B-C8EDFE864BB3}"
	ProjectSection(ProjectDependencies) = postProject
		{917B509C-68F7-446D-8DEC-DBF292F2E6B6} = {917B509C-68F7-446D-8DEC-DBF292F2E6B6}
		{F2DD13BA-2000-44F1-8A4B-E6519842620F} = {F2DD13BA-2000-44F1-8A4B-E6519842620F}
		{34DC40BE-4C11-4EAC-9C0F-B24A45FAA050} = {34DC40BE-4C11-4EAC-9C0F-B24A45FAA050}
	EndProjectSection
EndProject
Project("{8BC9CEB8-8B4A-11D0-8D11-00A0C91BC942}") = "igRender", "igRender\igRender.vcxproj", "{34DC40BE-4C11-4EAC-9C0F-B24A45FAA050}"
	ProjectSection(ProjectDependencies) = postProject
		{917B509C-68F7-446D-8DEC-DBF292F2E6B6} = {917B509C-68F7-446D-8DEC-DBF292F2E6B6}
	EndProjectSection
EndProject
Project("{8BC9CEB8-8B4A-11D0-8D11-00A0C91BC942}") = "igAudio", "igAudio\igAudio.vcxproj", "{F2DD13BA-2000-44F1-8A4B-E6519842620F}"
	ProjectSection(ProjectDependencies) = postProject
		{917B509C-68F7-446D-8DEC-DBF292F2E6B6} = {917B509C-68F7-446D-8DEC-DBF292F2E6B6}
	EndProjectSection
EndProject
Global
	GlobalSection(SolutionConfigurationPlatforms) = preSolution
		Debug_Win10|x64 = Debug_Win10|x64
		Debug_Win10|x86 = Debug_Win10|x86
		Debug|x64 = Debug|x64
		Debug|x86 = Debug|x86
		Release_Win10|x64 = Release_Win10|x64
		Release_Win10|x86 = Release_Win10|x86
		Release|x64 = Release|x64
		Release|x86 = Release|x86
	EndGlobalSection
	GlobalSection(ProjectConfigurationPlatforms) = postSolution
		{917B509C-68F7-446D-8DEC-DBF292F2E6B6}.Debug_Win10|x64.ActiveCfg = Debug_Win10|x64
		{917B509C-68F7-446D-8DEC-DBF292F2E6B6}.Debug_Win10|x64.Build.0 = Debug_Win10|x64
		{917B509C-68F7-446D-8DEC-DBF292F2E6B6}.Debug_Win10|x86.ActiveCfg = Debug_Win10|Win32
		{917B509C-68F7-446D-8DEC-DBF292F2E6B6}.Debug_Win10|x86.Build.0 = Debug_Win10|Win32
		{917B509C-68F7-446D-8DEC-DBF292F2E6B6}.Debug|x64.ActiveCfg = Debug|x64
		{917B509C-68F7-446D-8DEC-DBF292F2E6B6}.Debug|x64.Build.0 = Debug|x64
		{917B509C-68F7-446D-8DEC-DBF292F2E6B6}.Debug|x86.ActiveCfg = Debug|Win32
		{917B509C-68F7-446D-8DEC-DBF292F2E6B6}.Debug|x86.Build.0 = Debug|Win32
		{917B509C-68F7-446D-8DEC-DBF292F2E6B6}.Release_Win10|x64.ActiveCfg = Release_Win10|x64
		{917B509C-68F7-446D-8DEC-DBF292F2E6B6}.Release_Win10|x64.Build.0 = Release_Win10|x64
		{917B509C-68F7-446D-8DEC-DBF292F2E6B6}.Release_Win10|x86.ActiveCfg = Release_Win10|Win32
		{917B509C-68F7-446D-8DEC-DBF292F2E6B6}.Release_Win10|x86.Build.0 = Release_Win10|Win32
		{917B509C-68F7-446D-8DEC-DBF292F2E6B6}.Release|x64.ActiveCfg = Release|x64
		{917B509C-68F7-446D-8DEC-DBF292F2E6B6}.Release|x64.Build.0 = Release|x64
		{917B509C-68F7-446D-8DEC-DBF292F2E6B6}.Release|x86.ActiveCfg = Release|Win32
		{917B509C-68F7-446D-8DEC-DBF292F2E6B6}.Release|x86.Build.0 = Release|Win32
		{42FF519F-B26E-47FA-AB6B-C8EDFE864BB3}.Debug_Win10|x64.ActiveCfg = Debug_Win10|x64
		{42FF519F-B26E-47FA-AB6B-C8EDFE864BB3}.Debug_Win10|x64.Build.0 = Debug_Win10|x64
		{42FF519F-B26E-47FA-AB6B-C8EDFE864BB3}.Debug_Win10|x86.ActiveCfg = Debug_Win10|Win32
		{42FF519F-B26E-47FA-AB6B-C8EDFE864BB3}.Debug_Win10|x86.Build.0 = Debug_Win10|Win32
		{42FF519F-B26E-47FA-AB6B-C8EDFE864BB3}.Debug|x64.ActiveCfg = Debug|x64
		{42FF519F-B26E-47FA-AB6B-C8EDFE864BB3}.Debug|x64.Build.0 = Debug|x64
		{42FF519F-B26E-47FA-AB6B-C8EDFE864BB3}.Debug|x86.ActiveCfg = Debug|Win32
		{42FF519F-B26E-47FA-AB6B-C8EDFE864BB3}.Debug|x86.Build.0 = Debug|Win32
		{42FF519F-B26E-47FA-AB6B-C8EDFE864BB3}.Release_Win10|x64.ActiveCfg = Release_Win10|x64
		{42FF519F-B26E-47FA-AB6B-C8EDFE864BB3}.Release_Win10|x64.Build.0 = Release_Win10|x64
		{42FF519F-B26E-47FA-AB6B-C8EDFE864BB3}.Release_Win10|x86.ActiveCfg = Release_Win10|Win32
		{42FF519F-B26E-47FA-AB6B-C8EDFE864BB3}.Release_Win10|x86.Build.0 = Release_Win10|Win32
		{42FF519F-B26E-47FA-AB6B-C8EDFE864BB3}.Release|x64.ActiveCfg = Release|x64
		{42FF519F-B26E-47FA-AB6B-C8EDFE864BB3}.Release|x64.Build.0 = Release|x64
		{42FF519F-B26E-47FA-AB6B-C8EDFE864BB3}.Release|x86.ActiveCfg = Release|Win32
		{42FF519F-B26E-47FA-AB6B-C8EDFE864BB3}.Release|x86.Build.0 = Release|Win32
		{34DC40BE-4C11-4EAC-9C0F-B24A45FAA050}.Debug_Win10|x64.ActiveCfg = Debug_Win10|x64
		{34DC40BE-4C11-4EAC-9C0F-B24A45FAA050}.Debug_Win10|x64.Build.0 = Debug_Win10|x64
		{34DC40BE-4C11-4EAC-9C0F-B24A45FAA050}.Debug_Win10|x86.ActiveCfg = Debug_Win10|Win32
		{34DC40BE-4C11-4EAC-9C0F-B24A45FAA050}.Debug_Win10|x86.Build.0 = Debug_Win10|Win32
		{34DC40BE-4C11-4EAC-9C0F-B24A45FAA050}.Debug|x64.ActiveCfg = Debug|x64
		{34DC40BE-4C11-4EAC-9C0F-B24A45FAA050}.Debug|x64.Build.0 = Debug|x64
		{34DC40BE-4C11-4EAC-9C0F-B24A45FAA050}.Debug|x86.ActiveCfg = Debug|Win32
		{34DC40BE-4C11-4EAC-9C0F-B24A45FAA050}.Debug|x86.Build.0 = Debug|Win32
		{34DC40BE-4C11-4EAC-9C0F-B24A45FAA050}.Release_Win10|x64.ActiveCfg = Release_Win10|x64
		{34DC40BE-4C11-4EAC-9C0F-B24A45FAA050}.Release_Win10|x64.Build.0 = Release_Win10|x64
		{34DC40BE-4C11-4EAC-9C0F-B24A45FAA050}.Release_Win10|x86.ActiveCfg = Release_Win10|Win32
		{34DC40BE-4C11-4EAC-9C0F-B24A45FAA050}.Release_Win10|x86.Build.0 = Release_Win10|Win32
		{34DC40BE-4C11-4EAC-9C0F-B24A45FAA050}.Release|x64.ActiveCfg = Release|x64
		{34DC40BE-4C11-4EAC-9C0F-B24A45FAA050}.Release|x64.Build.0 = Release|x64
		{34DC40BE-4C11-4EAC-9C0F-B24A45FAA050}.Release|x86.ActiveCfg = Release|Win32
		{34DC40BE-4C11-4EAC-9C0F-B24A45FAA050}.Release|x86.Build.0 = Release|Win32
		{F2DD13BA-2000-44F1-8A4B-E6519842620F}.Debug_Win10|x64.ActiveCfg = Debug_Win10|x64
		{F2DD13BA-2000-44F1-8A4B-E6519842620F}.Debug_Win10|x64.Build.0 = Debug_Win10|x64
		{F2DD13BA-2000-44F1-8A4B-E6519842620F}.Debug_Win10|x86.ActiveCfg = Debug|Win32
		{F2DD13BA-2000-44F1-8A4B-E6519842620F}.Debug_Win10|x86.Build.0 = Debug|Win32
		{F2DD13BA-2000-44F1-8A4B-E6519842620F}.Debug|x64.ActiveCfg = Debug|x64
		{F2DD13BA-2000-44F1-8A4B-E6519842620F}.Debug|x64.Build.0 = Debug|x64
		{F2DD13BA-2000-44F1-8A4B-E6519842620F}.Debug|x86.ActiveCfg = Debug|Win32
		{F2DD13BA-2000-44F1-8A4B-E6519842620F}.Debug|x86.Build.0 = Debug|Win32
		{F2DD13BA-2000-44F1-8A4B-E6519842620F}.Release_Win10|x64.ActiveCfg = Release_Win10|x64
		{F2DD13BA-2000-44F1-8A4B-E6519842620F}.Release_Win10|x64.Build.0 = Release_Win10|x64
		{F2DD13BA-2000-44F1-8A4B-E6519842620F}.Release_Win10|x86.ActiveCfg = Release|Win32
		{F2DD13BA-2000-44F1-8A4B-E6519842620F}.Release_Win10|x86.Build.0 = Release|Win32
		{F2DD13BA-2000-44F1-8A4B-E6519842620F}.Release|x64.ActiveCfg = Release|x64
		{F2DD13BA-2000-44F1-8A4B-E6519842620F}.Release|x64.Build.0 = Release|x64
		{F2DD13BA-2000-44F1-8A4B-E6519842620F}.Release|x86.ActiveCfg = Release|Win32
		{F2DD13BA-2000-44F1-8A4B-E6519842620F}.Release|x86.Build.0 = Release|Win32
	EndGlobalSection
	GlobalSection(SolutionProperties) = preSolution
		HideSolutionNode = FALSE
	EndGlobalSection
	GlobalSection(ExtensibilityGlobals) = postSolution
		SolutionGuid = {4E2781B5-7AA0-461A-BF66-B1B7D10FE560}
	EndGlobalSection
EndGlobal
